
Microsoft Visual Studio Solution File, Format Version 12.00
# Visual Studio Version 17
VisualStudioVersion = 17.14.36221.1 d17.14
MinimumVisualStudioVersion = 10.0.40219.1
Project("{FAE04EC0-301F-11D3-BF4B-00C04F79EFBC}") = "SportBettingScraper", "SportBettingScraper\SportBettingScraper.csproj", "{8A56379F-6397-459B-B156-C4C7A19CD19D}"
EndProject
Global
	GlobalSection(SolutionConfigurationPlatforms) = preSolution
		Debug|Any CPU = Debug|Any CPU
		Release|Any CPU = Release|Any CPU
	EndGlobalSection
	GlobalSection(ProjectConfigurationPlatforms) = postSolution
		{8A56379F-6397-459B-B156-C4C7A19CD19D}.Debug|Any CPU.ActiveCfg = Debug|Any CPU
		{8A56379F-6397-459B-B156-C4C7A19CD19D}.Debug|Any CPU.Build.0 = Debug|Any CPU
		{8A56379F-6397-459B-B156-C4C7A19CD19D}.Release|Any CPU.ActiveCfg = Release|Any CPU
		{8A56379F-6397-459B-B156-C4C7A19CD19D}.Release|Any CPU.Build.0 = Release|Any CPU
	EndGlobalSection
	GlobalSection(SolutionProperties) = preSolution
		HideSolutionNode = FALSE
	EndGlobalSection
	GlobalSection(ExtensibilityGlobals) = postSolution
		SolutionGuid = {10EF1C0B-7CF5-4C7A-94D7-00685E774177}
	EndGlobalSection
EndGlobal
